
Microsoft Visual Studio Solution File, Format Version 12.00
# Visual Studio Version 17
VisualStudioVersion = 17.0.31912.275
MinimumVisualStudioVersion = 10.0.40219.1
Project("{2150E333-8FDC-42A3-9474-1A3956D46DE8}") = "DevOps", "DevOps", "{D29CABE7-467E-4CF6-B44B-3C58AB76145A}"
	ProjectSection(SolutionItems) = preProject
		..\azure-pipelines.release.yml = ..\azure-pipelines.release.yml
		..\azure-pipelines.yml = ..\azure-pipelines.yml
		..\GitVersion.yml = ..\GitVersion.yml
		..\imm.yaml = ..\imm.yaml
	EndProjectSection
EndProject
Project("{9A19103F-16F7-4668-BE54-9A1E7A4F7556}") = "Corvus.Tenancy.Abstractions", "Corvus.Tenancy.Abstractions\Corvus.Tenancy.Abstractions.csproj", "{F76A30F7-453B-41B2-B0C4-2C7A4ACAC3F4}"
EndProject
Project("{9A19103F-16F7-4668-BE54-9A1E7A4F7556}") = "Corvus.Azure.Storage.Tenancy", "Corvus.Azure.Storage.Tenancy\Corvus.Azure.Storage.Tenancy.csproj", "{5C98B408-7746-432C-B57B-7F713E6E3CFF}"
EndProject
Project("{9A19103F-16F7-4668-BE54-9A1E7A4F7556}") = "Corvus.Tenancy.Storage.Azure.Blob", "Corvus.Tenancy.Storage.Azure.Blob\Corvus.Tenancy.Storage.Azure.Blob.csproj", "{943C553A-C519-4CD5-9243-76AEA9999A7D}"
EndProject
Project("{9A19103F-16F7-4668-BE54-9A1E7A4F7556}") = "Corvus.Azure.Cosmos.Tenancy", "Corvus.Azure.Cosmos.Tenancy\Corvus.Azure.Cosmos.Tenancy.csproj", "{CC94CBE2-5347-4924-AA7C-412707CCDCEB}"
EndProject
Project("{9A19103F-16F7-4668-BE54-9A1E7A4F7556}") = "Corvus.Tenancy.Specs", "Corvus.Tenancy.Specs\Corvus.Tenancy.Specs.csproj", "{FFE322E2-9A3B-4DCD-BBFB-DD9FFCFE0A50}"
EndProject
Project("{9A19103F-16F7-4668-BE54-9A1E7A4F7556}") = "Corvus.Azure.Gremlin.Tenancy", "Corvus.Azure.Gremlin.Tenancy\Corvus.Azure.Gremlin.Tenancy.csproj", "{920CD7B4-7320-4892-8DDA-03C48F25F30E}"
EndProject
Project("{9A19103F-16F7-4668-BE54-9A1E7A4F7556}") = "Corvus.Sql.Tenancy", "Corvus.Sql.Tenancy\Corvus.Sql.Tenancy.csproj", "{64337D25-DBBA-494B-AC1B-A613C1ADC7FC}"
EndProject
Project("{2150E333-8FDC-42A3-9474-1A3956D46DE8}") = "Storage", "Storage", "{B00003E0-48B3-4593-9CAA-211A3EDCCE1E}"
EndProject
Project("{9A19103F-16F7-4668-BE54-9A1E7A4F7556}") = "Corvus.Storage.Azure.BlobStorage.Tenancy", "Corvus.Storage.Azure.BlobStorage.Tenancy\Corvus.Storage.Azure.BlobStorage.Tenancy.csproj", "{9B7CD21D-6121-40EB-A325-2C0DE39E7A79}"
EndProject
Project("{FAE04EC0-301F-11D3-BF4B-00C04F79EFBC}") = "Corvus.Storage.Azure.Cosmos.Tenancy", "Corvus.Storage.Azure.Cosmos.Tenancy\Corvus.Storage.Azure.Cosmos.Tenancy.csproj", "{2A42EF88-20D6-437E-AB7A-930777B657AB}"
EndProject
Global
	GlobalSection(SolutionConfigurationPlatforms) = preSolution
		Debug|Any CPU = Debug|Any CPU
		Release|Any CPU = Release|Any CPU
	EndGlobalSection
	GlobalSection(ProjectConfigurationPlatforms) = postSolution
		{F76A30F7-453B-41B2-B0C4-2C7A4ACAC3F4}.Debug|Any CPU.ActiveCfg = Debug|Any CPU
		{F76A30F7-453B-41B2-B0C4-2C7A4ACAC3F4}.Debug|Any CPU.Build.0 = Debug|Any CPU
		{F76A30F7-453B-41B2-B0C4-2C7A4ACAC3F4}.Release|Any CPU.ActiveCfg = Release|Any CPU
		{F76A30F7-453B-41B2-B0C4-2C7A4ACAC3F4}.Release|Any CPU.Build.0 = Release|Any CPU
		{5C98B408-7746-432C-B57B-7F713E6E3CFF}.Debug|Any CPU.ActiveCfg = Debug|Any CPU
		{5C98B408-7746-432C-B57B-7F713E6E3CFF}.Debug|Any CPU.Build.0 = Debug|Any CPU
		{5C98B408-7746-432C-B57B-7F713E6E3CFF}.Release|Any CPU.ActiveCfg = Release|Any CPU
		{5C98B408-7746-432C-B57B-7F713E6E3CFF}.Release|Any CPU.Build.0 = Release|Any CPU
		{943C553A-C519-4CD5-9243-76AEA9999A7D}.Debug|Any CPU.ActiveCfg = Debug|Any CPU
		{943C553A-C519-4CD5-9243-76AEA9999A7D}.Debug|Any CPU.Build.0 = Debug|Any CPU
		{943C553A-C519-4CD5-9243-76AEA9999A7D}.Release|Any CPU.ActiveCfg = Release|Any CPU
		{943C553A-C519-4CD5-9243-76AEA9999A7D}.Release|Any CPU.Build.0 = Release|Any CPU
		{CC94CBE2-5347-4924-AA7C-412707CCDCEB}.Debug|Any CPU.ActiveCfg = Debug|Any CPU
		{CC94CBE2-5347-4924-AA7C-412707CCDCEB}.Debug|Any CPU.Build.0 = Debug|Any CPU
		{CC94CBE2-5347-4924-AA7C-412707CCDCEB}.Release|Any CPU.ActiveCfg = Release|Any CPU
		{CC94CBE2-5347-4924-AA7C-412707CCDCEB}.Release|Any CPU.Build.0 = Release|Any CPU
		{FFE322E2-9A3B-4DCD-BBFB-DD9FFCFE0A50}.Debug|Any CPU.ActiveCfg = Debug|Any CPU
		{FFE322E2-9A3B-4DCD-BBFB-DD9FFCFE0A50}.Debug|Any CPU.Build.0 = Debug|Any CPU
		{FFE322E2-9A3B-4DCD-BBFB-DD9FFCFE0A50}.Release|Any CPU.ActiveCfg = Release|Any CPU
		{FFE322E2-9A3B-4DCD-BBFB-DD9FFCFE0A50}.Release|Any CPU.Build.0 = Release|Any CPU
		{920CD7B4-7320-4892-8DDA-03C48F25F30E}.Debug|Any CPU.ActiveCfg = Debug|Any CPU
		{920CD7B4-7320-4892-8DDA-03C48F25F30E}.Debug|Any CPU.Build.0 = Debug|Any CPU
		{920CD7B4-7320-4892-8DDA-03C48F25F30E}.Release|Any CPU.ActiveCfg = Release|Any CPU
		{920CD7B4-7320-4892-8DDA-03C48F25F30E}.Release|Any CPU.Build.0 = Release|Any CPU
		{64337D25-DBBA-494B-AC1B-A613C1ADC7FC}.Debug|Any CPU.ActiveCfg = Debug|Any CPU
		{64337D25-DBBA-494B-AC1B-A613C1ADC7FC}.Debug|Any CPU.Build.0 = Debug|Any CPU
		{64337D25-DBBA-494B-AC1B-A613C1ADC7FC}.Release|Any CPU.ActiveCfg = Release|Any CPU
		{64337D25-DBBA-494B-AC1B-A613C1ADC7FC}.Release|Any CPU.Build.0 = Release|Any CPU
		{9B7CD21D-6121-40EB-A325-2C0DE39E7A79}.Debug|Any CPU.ActiveCfg = Debug|Any CPU
		{9B7CD21D-6121-40EB-A325-2C0DE39E7A79}.Debug|Any CPU.Build.0 = Debug|Any CPU
		{9B7CD21D-6121-40EB-A325-2C0DE39E7A79}.Release|Any CPU.ActiveCfg = Release|Any CPU
		{9B7CD21D-6121-40EB-A325-2C0DE39E7A79}.Release|Any CPU.Build.0 = Release|Any CPU
		{2A42EF88-20D6-437E-AB7A-930777B657AB}.Debug|Any CPU.ActiveCfg = Debug|Any CPU
		{2A42EF88-20D6-437E-AB7A-930777B657AB}.Debug|Any CPU.Build.0 = Debug|Any CPU
		{2A42EF88-20D6-437E-AB7A-930777B657AB}.Release|Any CPU.ActiveCfg = Release|Any CPU
		{2A42EF88-20D6-437E-AB7A-930777B657AB}.Release|Any CPU.Build.0 = Release|Any CPU
	EndGlobalSection
	GlobalSection(SolutionProperties) = preSolution
		HideSolutionNode = FALSE
	EndGlobalSection
	GlobalSection(NestedProjects) = preSolution
		{9B7CD21D-6121-40EB-A325-2C0DE39E7A79} = {B00003E0-48B3-4593-9CAA-211A3EDCCE1E}
		{2A42EF88-20D6-437E-AB7A-930777B657AB} = {B00003E0-48B3-4593-9CAA-211A3EDCCE1E}
	EndGlobalSection
	GlobalSection(ExtensibilityGlobals) = postSolution
		SolutionGuid = {305841D0-0331-4EAE-A693-CA0FF93733F0}
	EndGlobalSection
EndGlobal
